<Solution>
  <Folder Name="/Solution Items/">
    <File Path="compose.yaml" />
  </Folder>
  <Folder Name="/src/">
    <Project Path="src/CashWise.Api/CashWise.Api.csproj" />
    <Project Path="src/CashWise.Application/CashWise.Application.csproj" />
    <Project Path="src/CashWise.Domain/CashWise.Domain.csproj" />
    <Project Path="src/CashWise.Infrastructure/CashWise.Infrastructure.csproj" />
    <Project Path="src/CashWise.UI/CashWise.UI.esproj">
      <Build />
      <Deploy />
    </Project>
  </Folder>
  <Folder Name="/tests/">
    <Project Path="tests/CashWise.Api.UnitTests/CashWise.Api.UnitTests.csproj" />
    <Project Path="tests/CashWise.Domain.UnitTests/CashWise.Domain.UnitTests.csproj" />
  </Folder>
</Solution>
